
Microsoft Visual Studio Solution File, Format Version 12.00
# Visual Studio 15
VisualStudioVersion = 15.0.27004.2005
MinimumVisualStudioVersion = 10.0.40219.1
Project("{FAE04EC0-301F-11D3-BF4B-00C04F79EFBC}") = "WPFControl", "WPFControl.csproj", "{8B996E53-2706-48B3-BECC-00B89BBA9CE0}"
EndProject
Project("{FAE04EC0-301F-11D3-BF4B-00C04F79EFBC}") = "WpfApp1", "..\WpfApp1\WpfApp1.csproj", "{33E0B85E-4CCB-47DC-A597-F380D23C4E96}"
EndProject
Project("{FAE04EC0-301F-11D3-BF4B-00C04F79EFBC}") = "Transitionals", "Transitionals\Transitionals.csproj", "{FC8A5D35-6B80-4DB1-8DA5-0271677967E3}"
EndProject
Global
	GlobalSection(SolutionConfigurationPlatforms) = preSolution
		Debug|Any CPU = Debug|Any CPU
		Define|Any CPU = Define|Any CPU
		Release|Any CPU = Release|Any CPU
	EndGlobalSection
	GlobalSection(ProjectConfigurationPlatforms) = postSolution
		{8B996E53-2706-48B3-BECC-00B89BBA9CE0}.Debug|Any CPU.ActiveCfg = Debug|Any CPU
		{8B996E53-2706-48B3-BECC-00B89BBA9CE0}.Debug|Any CPU.Build.0 = Debug|Any CPU
		{8B996E53-2706-48B3-BECC-00B89BBA9CE0}.Define|Any CPU.ActiveCfg = Define|Any CPU
		{8B996E53-2706-48B3-BECC-00B89BBA9CE0}.Define|Any CPU.Build.0 = Define|Any CPU
		{8B996E53-2706-48B3-BECC-00B89BBA9CE0}.Release|Any CPU.ActiveCfg = Release|Any CPU
		{8B996E53-2706-48B3-BECC-00B89BBA9CE0}.Release|Any CPU.Build.0 = Release|Any CPU
		{33E0B85E-4CCB-47DC-A597-F380D23C4E96}.Debug|Any CPU.ActiveCfg = Debug|Any CPU
		{33E0B85E-4CCB-47DC-A597-F380D23C4E96}.Debug|Any CPU.Build.0 = Debug|Any CPU
		{33E0B85E-4CCB-47DC-A597-F380D23C4E96}.Define|Any CPU.ActiveCfg = Debug|Any CPU
		{33E0B85E-4CCB-47DC-A597-F380D23C4E96}.Define|Any CPU.Build.0 = Debug|Any CPU
		{33E0B85E-4CCB-47DC-A597-F380D23C4E96}.Release|Any CPU.ActiveCfg = Release|Any CPU
		{33E0B85E-4CCB-47DC-A597-F380D23C4E96}.Release|Any CPU.Build.0 = Release|Any CPU
		{FC8A5D35-6B80-4DB1-8DA5-0271677967E3}.Debug|Any CPU.ActiveCfg = Debug|Any CPU
		{FC8A5D35-6B80-4DB1-8DA5-0271677967E3}.Debug|Any CPU.Build.0 = Debug|Any CPU
		{FC8A5D35-6B80-4DB1-8DA5-0271677967E3}.Define|Any CPU.ActiveCfg = Debug|Any CPU
		{FC8A5D35-6B80-4DB1-8DA5-0271677967E3}.Define|Any CPU.Build.0 = Debug|Any CPU
		{FC8A5D35-6B80-4DB1-8DA5-0271677967E3}.Release|Any CPU.ActiveCfg = Release|Any CPU
		{FC8A5D35-6B80-4DB1-8DA5-0271677967E3}.Release|Any CPU.Build.0 = Release|Any CPU
	EndGlobalSection
	GlobalSection(SolutionProperties) = preSolution
		HideSolutionNode = FALSE
	EndGlobalSection
	GlobalSection(ExtensibilityGlobals) = postSolution
		SolutionGuid = {9E59D86F-A524-440B-8636-1691047363EB}
	EndGlobalSection
EndGlobal
